
Microsoft Visual Studio Solution File, Format Version 12.00
# Visual Studio Version 17
VisualStudioVersion = 17.11.35312.102
MinimumVisualStudioVersion = 10.0.40219.1
Project("{FAE04EC0-301F-11D3-BF4B-00C04F79EFBC}") = "MANAGEMENT_DASHBOARD_SERVER", "MANAGEMENT_DASHBOARD_SERVER\MANAGEMENT_DASHBOARD_SERVER.csproj", "{D8F79DDE-2D0A-43D5-A4B0-950F28BAC05F}"
EndProject
Global
	GlobalSection(SolutionConfigurationPlatforms) = preSolution
		Debug|Any CPU = Debug|Any CPU
		Release|Any CPU = Release|Any CPU
	EndGlobalSection
	GlobalSection(ProjectConfigurationPlatforms) = postSolution
		{D8F79DDE-2D0A-43D5-A4B0-950F28BAC05F}.Debug|Any CPU.ActiveCfg = Debug|Any CPU
		{D8F79DDE-2D0A-43D5-A4B0-950F28BAC05F}.Debug|Any CPU.Build.0 = Debug|Any CPU
		{D8F79DDE-2D0A-43D5-A4B0-950F28BAC05F}.Release|Any CPU.ActiveCfg = Release|Any CPU
		{D8F79DDE-2D0A-43D5-A4B0-950F28BAC05F}.Release|Any CPU.Build.0 = Release|Any CPU
	EndGlobalSection
	GlobalSection(SolutionProperties) = preSolution
		HideSolutionNode = FALSE
	EndGlobalSection
	GlobalSection(ExtensibilityGlobals) = postSolution
		SolutionGuid = {C0D76818-786D-4598-AD4D-A991CAA9B3EE}
	EndGlobalSection
EndGlobal
